
Microsoft Visual Studio Solution File, Format Version 12.00
# Visual Studio Version 17
VisualStudioVersion = 17.14.36408.4 d17.14
MinimumVisualStudioVersion = 10.0.40219.1
Project("{FAE04EC0-301F-11D3-BF4B-00C04F79EFBC}") = "QuanLyCaSi", "QuanLyCaSi\QuanLyCaSi.csproj", "{87A03598-D2AB-4547-9079-3DA0C337DED7}"
EndProject
Global
	GlobalSection(SolutionConfigurationPlatforms) = preSolution
		Debug|Any CPU = Debug|Any CPU
		Release|Any CPU = Release|Any CPU
	EndGlobalSection
	GlobalSection(ProjectConfigurationPlatforms) = postSolution
		{87A03598-D2AB-4547-9079-3DA0C337DED7}.Debug|Any CPU.ActiveCfg = Debug|Any CPU
		{87A03598-D2AB-4547-9079-3DA0C337DED7}.Debug|Any CPU.Build.0 = Debug|Any CPU
		{87A03598-D2AB-4547-9079-3DA0C337DED7}.Release|Any CPU.ActiveCfg = Release|Any CPU
		{87A03598-D2AB-4547-9079-3DA0C337DED7}.Release|Any CPU.Build.0 = Release|Any CPU
	EndGlobalSection
	GlobalSection(SolutionProperties) = preSolution
		HideSolutionNode = FALSE
	EndGlobalSection
	GlobalSection(ExtensibilityGlobals) = postSolution
		SolutionGuid = {CA3DF6BF-5AD8-4EAA-A836-8F93A999141A}
	EndGlobalSection
EndGlobal
